PODS:
  - Flutter (1.0.0)
  - MTBBarcodeScanner (5.0.11)
  - pinescanner (0.0.1):
    - Flutter
    - MTBBarcodeScanner

DEPENDENCIES:
  - Flutter (from `Flutter`)
  - pinescanner (from `.symlinks/plugins/pinescanner/ios`)

SPEC REPOS:
  trunk:
    - MTBBarcodeScanner

EXTERNAL SOURCES:
  Flutter:
    :path: Flutter
  pinescanner:
    :path: ".symlinks/plugins/pinescanner/ios"

SPEC CHECKSUMS:
  Flutter: 0e3d915762c693b495b44d77113d4970485de6ec
  MTBBarcodeScanner: f453b33c4b7dfe545d8c6484ed744d55671788cb
  pinescanner: 1c86a886487ed9f9711a2d42551e6a5288856900

PODFILE CHECKSUM: aafe91acc616949ddb318b77800a7f51bffa2a4c

COCOAPODS: 1.9.3
